
Microsoft Visual Studio Solution File, Format Version 12.00
# Visual Studio Version 16
VisualStudioVersion = 16.0.31129.286
MinimumVisualStudioVersion = 10.0.40219.1
Project("{FAE04EC0-301F-11D3-BF4B-00C04F79EFBC}") = "DiscordRamLimiter", "DiscordRamLimiter\DiscordRamLimiter.csproj", "{A73F5DA8-E68D-4128-B793-19C582F17DC4}"
EndProject
Global
	GlobalSection(SolutionConfigurationPlatforms) = preSolution
		Debug|Any CPU = Debug|Any CPU
		Release|Any CPU = Release|Any CPU
	EndGlobalSection
	GlobalSection(ProjectConfigurationPlatforms) = postSolution
		{A73F5DA8-E68D-4128-B793-19C582F17DC4}.Debug|Any CPU.ActiveCfg = Debug|Any CPU
		{A73F5DA8-E68D-4128-B793-19C582F17DC4}.Debug|Any CPU.Build.0 = Debug|Any CPU
		{A73F5DA8-E68D-4128-B793-19C582F17DC4}.Release|Any CPU.ActiveCfg = Release|Any CPU
		{A73F5DA8-E68D-4128-B793-19C582F17DC4}.Release|Any CPU.Build.0 = Release|Any CPU
	EndGlobalSection
	GlobalSection(SolutionProperties) = preSolution
		HideSolutionNode = FALSE
	EndGlobalSection
	GlobalSection(ExtensibilityGlobals) = postSolution
		SolutionGuid = {7570B44D-A029-4091-8C44-D96C5FC9F077}
	EndGlobalSection
EndGlobal
