
Microsoft Visual Studio Solution File, Format Version 12.00
# Visual Studio Version 17
VisualStudioVersion = 17.5.33424.131
MinimumVisualStudioVersion = 10.0.40219.1
Project("{FAE04EC0-301F-11D3-BF4B-00C04F79EFBC}") = "DiscordRamLimiter", "DiscordRamLimiter\DiscordRamLimiter.csproj", "{96F81682-CF45-4A45-B429-BF5B4EBB8CA4}"
EndProject
Global
	GlobalSection(SolutionConfigurationPlatforms) = preSolution
		Debug|Any CPU = Debug|Any CPU
		Release|Any CPU = Release|Any CPU
	EndGlobalSection
	GlobalSection(ProjectConfigurationPlatforms) = postSolution
		{96F81682-CF45-4A45-B429-BF5B4EBB8CA4}.Debug|Any CPU.ActiveCfg = Debug|Any CPU
		{96F81682-CF45-4A45-B429-BF5B4EBB8CA4}.Debug|Any CPU.Build.0 = Debug|Any CPU
		{96F81682-CF45-4A45-B429-BF5B4EBB8CA4}.Release|Any CPU.ActiveCfg = Release|Any CPU
		{96F81682-CF45-4A45-B429-BF5B4EBB8CA4}.Release|Any CPU.Build.0 = Release|Any CPU
	EndGlobalSection
	GlobalSection(SolutionProperties) = preSolution
		HideSolutionNode = FALSE
	EndGlobalSection
	GlobalSection(ExtensibilityGlobals) = postSolution
		SolutionGuid = {B563B8C9-5405-4D6F-B173-4E3981B84A4B}
	EndGlobalSection
EndGlobal
